
Microsoft Visual Studio Solution File, Format Version 12.00
# Visual Studio 14
VisualStudioVersion = 14.0.25420.1
MinimumVisualStudioVersion = 10.0.40219.1
Project("{2150E333-8FDC-42A3-9474-1A3956D46DE8}") = "src", "src", "{04F59B51-0422-428C-BE03-DEB1C21B81F5}"
EndProject
Project("{2150E333-8FDC-42A3-9474-1A3956D46DE8}") = "Solution Items", "Solution Items", "{51E11215-7415-4C80-A4FF-ABD88D2FA660}"
	ProjectSection(SolutionItems) = preProject
		global.json = global.json
	EndProjectSection
EndProject
Project("{8BB2217D-0F2D-49D1-97BC-3654ED321F3B}") = "AngularJS and MVC 6 Web API", "src\AngularJS and MVC 6 Web API\AngularJS and MVC 6 Web API.xproj", "{CE9E145A-D957-4FD6-B074-183B85E77BC8}"
EndProject
Global
	GlobalSection(SolutionConfigurationPlatforms) = preSolution
		Debug|Any CPU = Debug|Any CPU
		Release|Any CPU = Release|Any CPU
	EndGlobalSection
	GlobalSection(ProjectConfigurationPlatforms) = postSolution
		{CE9E145A-D957-4FD6-B074-183B85E77BC8}.Debug|Any CPU.ActiveCfg = Debug|Any CPU
		{CE9E145A-D957-4FD6-B074-183B85E77BC8}.Debug|Any CPU.Build.0 = Debug|Any CPU
		{CE9E145A-D957-4FD6-B074-183B85E77BC8}.Release|Any CPU.ActiveCfg = Release|Any CPU
		{CE9E145A-D957-4FD6-B074-183B85E77BC8}.Release|Any CPU.Build.0 = Release|Any CPU
	EndGlobalSection
	GlobalSection(SolutionProperties) = preSolution
		HideSolutionNode = FALSE
	EndGlobalSection
	GlobalSection(NestedProjects) = preSolution
		{CE9E145A-D957-4FD6-B074-183B85E77BC8} = {04F59B51-0422-428C-BE03-DEB1C21B81F5}
	EndGlobalSection
EndGlobal
